
Microsoft Visual Studio Solution File, Format Version 12.00
# Visual Studio Version 17
VisualStudioVersion = 17.0.31903.59
MinimumVisualStudioVersion = 10.0.40219.1
Project("{FAE04EC0-301F-11D3-BF4B-00C04F79EFBC}") = "lab02", "lab02\lab02.csproj", "{BED10215-C549-4C97-BD6E-77B384C2806E}"
EndProject
Project("{FAE04EC0-301F-11D3-BF4B-00C04F79EFBC}") = "lab03", "lab03\lab03.csproj", "{7A1FAD4E-1C23-4931-BB16-146FCADC39D6}"
EndProject
Project("{FAE04EC0-301F-11D3-BF4B-00C04F79EFBC}") = "lab04", "lab04\lab04.csproj", "{5A18ACBC-1C93-49FA-B44C-D9F6A90823F7}"
EndProject
Project("{FAE04EC0-301F-11D3-BF4B-00C04F79EFBC}") = "lab05", "lab05\lab05.csproj", "{F7CE92D2-6E80-4EDE-B3FE-018D8529B6B9}"
EndProject
Global
	GlobalSection(SolutionConfigurationPlatforms) = preSolution
		Debug|Any CPU = Debug|Any CPU
		Debug|x64 = Debug|x64
		Debug|x86 = Debug|x86
		Release|Any CPU = Release|Any CPU
		Release|x64 = Release|x64
		Release|x86 = Release|x86
	EndGlobalSection
	GlobalSection(ProjectConfigurationPlatforms) = postSolution
		{BED10215-C549-4C97-BD6E-77B384C2806E}.Debug|Any CPU.ActiveCfg = Debug|Any CPU
		{BED10215-C549-4C97-BD6E-77B384C2806E}.Debug|Any CPU.Build.0 = Debug|Any CPU
		{BED10215-C549-4C97-BD6E-77B384C2806E}.Debug|x64.ActiveCfg = Debug|Any CPU
		{BED10215-C549-4C97-BD6E-77B384C2806E}.Debug|x64.Build.0 = Debug|Any CPU
		{BED10215-C549-4C97-BD6E-77B384C2806E}.Debug|x86.ActiveCfg = Debug|Any CPU
		{BED10215-C549-4C97-BD6E-77B384C2806E}.Debug|x86.Build.0 = Debug|Any CPU
		{BED10215-C549-4C97-BD6E-77B384C2806E}.Release|Any CPU.ActiveCfg = Release|Any CPU
		{BED10215-C549-4C97-BD6E-77B384C2806E}.Release|Any CPU.Build.0 = Release|Any CPU
		{BED10215-C549-4C97-BD6E-77B384C2806E}.Release|x64.ActiveCfg = Release|Any CPU
		{BED10215-C549-4C97-BD6E-77B384C2806E}.Release|x64.Build.0 = Release|Any CPU
		{BED10215-C549-4C97-BD6E-77B384C2806E}.Release|x86.ActiveCfg = Release|Any CPU
		{BED10215-C549-4C97-BD6E-77B384C2806E}.Release|x86.Build.0 = Release|Any CPU
		{7A1FAD4E-1C23-4931-BB16-146FCADC39D6}.Debug|Any CPU.ActiveCfg = Debug|Any CPU
		{7A1FAD4E-1C23-4931-BB16-146FCADC39D6}.Debug|Any CPU.Build.0 = Debug|Any CPU
		{7A1FAD4E-1C23-4931-BB16-146FCADC39D6}.Debug|x64.ActiveCfg = Debug|Any CPU
		{7A1FAD4E-1C23-4931-BB16-146FCADC39D6}.Debug|x64.Build.0 = Debug|Any CPU
		{7A1FAD4E-1C23-4931-BB16-146FCADC39D6}.Debug|x86.ActiveCfg = Debug|Any CPU
		{7A1FAD4E-1C23-4931-BB16-146FCADC39D6}.Debug|x86.Build.0 = Debug|Any CPU
		{7A1FAD4E-1C23-4931-BB16-146FCADC39D6}.Release|Any CPU.ActiveCfg = Release|Any CPU
		{7A1FAD4E-1C23-4931-BB16-146FCADC39D6}.Release|Any CPU.Build.0 = Release|Any CPU
		{7A1FAD4E-1C23-4931-BB16-146FCADC39D6}.Release|x64.ActiveCfg = Release|Any CPU
		{7A1FAD4E-1C23-4931-BB16-146FCADC39D6}.Release|x64.Build.0 = Release|Any CPU
		{7A1FAD4E-1C23-4931-BB16-146FCADC39D6}.Release|x86.ActiveCfg = Release|Any CPU
		{7A1FAD4E-1C23-4931-BB16-146FCADC39D6}.Release|x86.Build.0 = Release|Any CPU
		{5A18ACBC-1C93-49FA-B44C-D9F6A90823F7}.Debug|Any CPU.ActiveCfg = Debug|Any CPU
		{5A18ACBC-1C93-49FA-B44C-D9F6A90823F7}.Debug|Any CPU.Build.0 = Debug|Any CPU
		{5A18ACBC-1C93-49FA-B44C-D9F6A90823F7}.Debug|x64.ActiveCfg = Debug|Any CPU
		{5A18ACBC-1C93-49FA-B44C-D9F6A90823F7}.Debug|x64.Build.0 = Debug|Any CPU
		{5A18ACBC-1C93-49FA-B44C-D9F6A90823F7}.Debug|x86.ActiveCfg = Debug|Any CPU
		{5A18ACBC-1C93-49FA-B44C-D9F6A90823F7}.Debug|x86.Build.0 = Debug|Any CPU
		{5A18ACBC-1C93-49FA-B44C-D9F6A90823F7}.Release|Any CPU.ActiveCfg = Release|Any CPU
		{5A18ACBC-1C93-49FA-B44C-D9F6A90823F7}.Release|Any CPU.Build.0 = Release|Any CPU
		{5A18ACBC-1C93-49FA-B44C-D9F6A90823F7}.Release|x64.ActiveCfg = Release|Any CPU
		{5A18ACBC-1C93-49FA-B44C-D9F6A90823F7}.Release|x64.Build.0 = Release|Any CPU
		{5A18ACBC-1C93-49FA-B44C-D9F6A90823F7}.Release|x86.ActiveCfg = Release|Any CPU
		{5A18ACBC-1C93-49FA-B44C-D9F6A90823F7}.Release|x86.Build.0 = Release|Any CPU
		{F7CE92D2-6E80-4EDE-B3FE-018D8529B6B9}.Debug|Any CPU.ActiveCfg = Debug|Any CPU
		{F7CE92D2-6E80-4EDE-B3FE-018D8529B6B9}.Debug|Any CPU.Build.0 = Debug|Any CPU
		{F7CE92D2-6E80-4EDE-B3FE-018D8529B6B9}.Debug|x64.ActiveCfg = Debug|Any CPU
		{F7CE92D2-6E80-4EDE-B3FE-018D8529B6B9}.Debug|x64.Build.0 = Debug|Any CPU
		{F7CE92D2-6E80-4EDE-B3FE-018D8529B6B9}.Debug|x86.ActiveCfg = Debug|Any CPU
		{F7CE92D2-6E80-4EDE-B3FE-018D8529B6B9}.Debug|x86.Build.0 = Debug|Any CPU
		{F7CE92D2-6E80-4EDE-B3FE-018D8529B6B9}.Release|Any CPU.ActiveCfg = Release|Any CPU
		{F7CE92D2-6E80-4EDE-B3FE-018D8529B6B9}.Release|Any CPU.Build.0 = Release|Any CPU
		{F7CE92D2-6E80-4EDE-B3FE-018D8529B6B9}.Release|x64.ActiveCfg = Release|Any CPU
		{F7CE92D2-6E80-4EDE-B3FE-018D8529B6B9}.Release|x64.Build.0 = Release|Any CPU
		{F7CE92D2-6E80-4EDE-B3FE-018D8529B6B9}.Release|x86.ActiveCfg = Release|Any CPU
		{F7CE92D2-6E80-4EDE-B3FE-018D8529B6B9}.Release|x86.Build.0 = Release|Any CPU
	EndGlobalSection
	GlobalSection(SolutionProperties) = preSolution
		HideSolutionNode = FALSE
	EndGlobalSection
EndGlobal
